
Microsoft Visual Studio Solution File, Format Version 12.00
# Visual Studio 14
VisualStudioVersion = 14.0.25420.1
MinimumVisualStudioVersion = 10.0.40219.1
Project("{2150E333-8FDC-42A3-9474-1A3956D46DE8}") = "Solution Items", "Solution Items", "{BD44A697-4FDF-4F2E-9184-20EC00DB4BF6}"
	ProjectSection(SolutionItems) = preProject
		global.json = global.json
	EndProjectSection
EndProject
Project("{2150E333-8FDC-42A3-9474-1A3956D46DE8}") = "src", "src", "{A4E53156-3002-4D29-A550-7FB93F4C6A44}"
EndProject
Project("{2150E333-8FDC-42A3-9474-1A3956D46DE8}") = "test", "test", "{77AA4D73-BD5D-4937-8DD8-557372B6C7D5}"
EndProject
Project("{8BB2217D-0F2D-49D1-97BC-3654ED321F3B}") = "Domain", "src\Domain\Domain.xproj", "{F6D291BF-D74C-422A-88F0-353E06769CE4}"
EndProject
Project("{8BB2217D-0F2D-49D1-97BC-3654ED321F3B}") = "Tests", "test\Tests\Tests.xproj", "{C8514B93-EFA3-4A1B-8404-E7EDFE0D1B0F}"
EndProject
Project("{8BB2217D-0F2D-49D1-97BC-3654ED321F3B}") = "Client", "src\Client\Client.xproj", "{850E073C-75F5-4397-B008-E5C813E21DEE}"
EndProject
Global
	GlobalSection(SolutionConfigurationPlatforms) = preSolution
		Debug|Any CPU = Debug|Any CPU
		Release|Any CPU = Release|Any CPU
	EndGlobalSection
	GlobalSection(ProjectConfigurationPlatforms) = postSolution
		{F6D291BF-D74C-422A-88F0-353E06769CE4}.Debug|Any CPU.ActiveCfg = Debug|Any CPU
		{F6D291BF-D74C-422A-88F0-353E06769CE4}.Debug|Any CPU.Build.0 = Debug|Any CPU
		{F6D291BF-D74C-422A-88F0-353E06769CE4}.Release|Any CPU.ActiveCfg = Release|Any CPU
		{F6D291BF-D74C-422A-88F0-353E06769CE4}.Release|Any CPU.Build.0 = Release|Any CPU
		{C8514B93-EFA3-4A1B-8404-E7EDFE0D1B0F}.Debug|Any CPU.ActiveCfg = Debug|Any CPU
		{C8514B93-EFA3-4A1B-8404-E7EDFE0D1B0F}.Debug|Any CPU.Build.0 = Debug|Any CPU
		{C8514B93-EFA3-4A1B-8404-E7EDFE0D1B0F}.Release|Any CPU.ActiveCfg = Release|Any CPU
		{C8514B93-EFA3-4A1B-8404-E7EDFE0D1B0F}.Release|Any CPU.Build.0 = Release|Any CPU
		{850E073C-75F5-4397-B008-E5C813E21DEE}.Debug|Any CPU.ActiveCfg = Debug|Any CPU
		{850E073C-75F5-4397-B008-E5C813E21DEE}.Debug|Any CPU.Build.0 = Debug|Any CPU
		{850E073C-75F5-4397-B008-E5C813E21DEE}.Release|Any CPU.ActiveCfg = Release|Any CPU
		{850E073C-75F5-4397-B008-E5C813E21DEE}.Release|Any CPU.Build.0 = Release|Any CPU
	EndGlobalSection
	GlobalSection(SolutionProperties) = preSolution
		HideSolutionNode = FALSE
	EndGlobalSection
	GlobalSection(NestedProjects) = preSolution
		{F6D291BF-D74C-422A-88F0-353E06769CE4} = {A4E53156-3002-4D29-A550-7FB93F4C6A44}
		{C8514B93-EFA3-4A1B-8404-E7EDFE0D1B0F} = {77AA4D73-BD5D-4937-8DD8-557372B6C7D5}
		{850E073C-75F5-4397-B008-E5C813E21DEE} = {A4E53156-3002-4D29-A550-7FB93F4C6A44}
	EndGlobalSection
EndGlobal
